
Microsoft Visual Studio Solution File, Format Version 12.00
# Visual Studio Version 16
VisualStudioVersion = 16.0.31624.102
MinimumVisualStudioVersion = 10.0.40219.1
Project("{9A19103F-16F7-4668-BE54-9A1E7A4F7556}") = "Tamagochi", "Tamagochi\Tamagochi.csproj", "{F7799DB8-D072-4A48-AB40-E757E20167D5}"
EndProject
Project("{9A19103F-16F7-4668-BE54-9A1E7A4F7556}") = "TamagochiTests", "TamagochiTests\TamagochiTests.csproj", "{CEE5E5E4-4C8C-40CE-AA62-1EAEC51E9E84}"
EndProject
Global
	GlobalSection(SolutionConfigurationPlatforms) = preSolution
		Debug|Any CPU = Debug|Any CPU
		Release|Any CPU = Release|Any CPU
	EndGlobalSection
	GlobalSection(ProjectConfigurationPlatforms) = postSolution
		{F7799DB8-D072-4A48-AB40-E757E20167D5}.Debug|Any CPU.ActiveCfg = Debug|Any CPU
		{F7799DB8-D072-4A48-AB40-E757E20167D5}.Debug|Any CPU.Build.0 = Debug|Any CPU
		{F7799DB8-D072-4A48-AB40-E757E20167D5}.Release|Any CPU.ActiveCfg = Release|Any CPU
		{F7799DB8-D072-4A48-AB40-E757E20167D5}.Release|Any CPU.Build.0 = Release|Any CPU
		{CEE5E5E4-4C8C-40CE-AA62-1EAEC51E9E84}.Debug|Any CPU.ActiveCfg = Debug|Any CPU
		{CEE5E5E4-4C8C-40CE-AA62-1EAEC51E9E84}.Debug|Any CPU.Build.0 = Debug|Any CPU
		{CEE5E5E4-4C8C-40CE-AA62-1EAEC51E9E84}.Release|Any CPU.ActiveCfg = Release|Any CPU
		{CEE5E5E4-4C8C-40CE-AA62-1EAEC51E9E84}.Release|Any CPU.Build.0 = Release|Any CPU
	EndGlobalSection
	GlobalSection(SolutionProperties) = preSolution
		HideSolutionNode = FALSE
	EndGlobalSection
	GlobalSection(ExtensibilityGlobals) = postSolution
		SolutionGuid = {B336DC3D-E459-4B23-B938-0D6F361775FA}
	EndGlobalSection
EndGlobal
